
Microsoft Visual Studio Solution File, Format Version 12.00
# Visual Studio 14
VisualStudioVersion = 14.0.25420.1
MinimumVisualStudioVersion = 10.0.40219.1
Project("{FAE04EC0-301F-11D3-BF4B-00C04F79EFBC}") = "nestlade loopar", "nestlade loopar\nestlade loopar.csproj", "{FBCBAB72-3314-4986-85A0-A8F73B2881AB}"
EndProject
Global
	GlobalSection(SolutionConfigurationPlatforms) = preSolution
		Debug|Any CPU = Debug|Any CPU
		Release|Any CPU = Release|Any CPU
	EndGlobalSection
	GlobalSection(ProjectConfigurationPlatforms) = postSolution
		{FBCBAB72-3314-4986-85A0-A8F73B2881AB}.Debug|Any CPU.ActiveCfg = Debug|Any CPU
		{FBCBAB72-3314-4986-85A0-A8F73B2881AB}.Debug|Any CPU.Build.0 = Debug|Any CPU
		{FBCBAB72-3314-4986-85A0-A8F73B2881AB}.Release|Any CPU.ActiveCfg = Release|Any CPU
		{FBCBAB72-3314-4986-85A0-A8F73B2881AB}.Release|Any CPU.Build.0 = Release|Any CPU
	EndGlobalSection
	GlobalSection(SolutionProperties) = preSolution
		HideSolutionNode = FALSE
	EndGlobalSection
EndGlobal
